
Microsoft Visual Studio Solution File, Format Version 12.00
Project("{FAE04EC0-301F-11D3-BF4B-00C04F79EFBC}") = "MockFakeStubDemo", "MockFakeStubDemo\MockFakeStubDemo.csproj", "{32E5BB4C-1782-4C75-8061-2938DC68A84E}"
EndProject
Global
	GlobalSection(SolutionConfigurationPlatforms) = preSolution
		Debug|Any CPU = Debug|Any CPU
		Release|Any CPU = Release|Any CPU
	EndGlobalSection
	GlobalSection(ProjectConfigurationPlatforms) = postSolution
		{32E5BB4C-1782-4C75-8061-2938DC68A84E}.Debug|Any CPU.ActiveCfg = Debug|Any CPU
		{32E5BB4C-1782-4C75-8061-2938DC68A84E}.Debug|Any CPU.Build.0 = Debug|Any CPU
		{32E5BB4C-1782-4C75-8061-2938DC68A84E}.Release|Any CPU.ActiveCfg = Release|Any CPU
		{32E5BB4C-1782-4C75-8061-2938DC68A84E}.Release|Any CPU.Build.0 = Release|Any CPU
	EndGlobalSection
EndGlobal
